
Microsoft Visual Studio Solution File, Format Version 12.00
# Visual Studio Version 16
VisualStudioVersion = 16.0.31313.79
MinimumVisualStudioVersion = 10.0.40219.1
Project("{FAE04EC0-301F-11D3-BF4B-00C04F79EFBC}") = "ProjectPOSsystem", "ProjectPOSsystem.csproj", "{DD9A994A-84D4-48A3-8907-E6D7CC6578E8}"
EndProject
Global
	GlobalSection(SolutionConfigurationPlatforms) = preSolution
		Debug|Any CPU = Debug|Any CPU
		Release|Any CPU = Release|Any CPU
	EndGlobalSection
	GlobalSection(ProjectConfigurationPlatforms) = postSolution
		{DD9A994A-84D4-48A3-8907-E6D7CC6578E8}.Debug|Any CPU.ActiveCfg = Debug|Any CPU
		{DD9A994A-84D4-48A3-8907-E6D7CC6578E8}.Debug|Any CPU.Build.0 = Debug|Any CPU
		{DD9A994A-84D4-48A3-8907-E6D7CC6578E8}.Release|Any CPU.ActiveCfg = Release|Any CPU
		{DD9A994A-84D4-48A3-8907-E6D7CC6578E8}.Release|Any CPU.Build.0 = Release|Any CPU
	EndGlobalSection
	GlobalSection(SolutionProperties) = preSolution
		HideSolutionNode = FALSE
	EndGlobalSection
	GlobalSection(ExtensibilityGlobals) = postSolution
		SolutionGuid = {827D2512-0168-41E6-9AA1-F1BC48177BD7}
	EndGlobalSection
EndGlobal
